# @generated - this file is auto-generated by `mise lock` https://mise.jdx.dev/dev-tools/mise-lock.html

lockfile_version = 2

[[tools.node]]
version = "25.9.0"
backend = "core:node"
specifiers = ["25.9.0"]

[tools.node."platforms.linux-arm64"]
checksum = "sha256:8fb4283301b8c720fc9f18bffff0f659e72cc14d0cf207a3bb411808aaa73a57"
url = "https://nodejs.org/dist/v25.9.0/node-v25.9.0-linux-arm64.tar.gz"

[tools.node."platforms.linux-arm64-musl"]
checksum = "sha256:97f6fe125faa51f84a7bb600d0cd7aefcfaaa0e75a5f49a7c61c3df91d12d535"
url = "https://unofficial-builds.nodejs.org/download/release/v25.9.0/node-v25.9.0-linux-arm64-musl.tar.gz"

[tools.node."platforms.linux-x64"]
checksum = "sha256:134e55b2408448a219760fe04dc44d6851f9de8a79549021ffd870e9082d9e7b"
url = "https://nodejs.org/dist/v25.9.0/node-v25.9.0-linux-x64.tar.gz"

[tools.node."platforms.linux-x64-musl"]
checksum = "sha256:1ac44af012be6bc17f1e3723edbf12897c0baeae5d1dc75b9f97d71413e4c8f5"
url = "https://unofficial-builds.nodejs.org/download/release/v25.9.0/node-v25.9.0-linux-x64-musl.tar.gz"

[tools.node."platforms.macos-arm64"]
checksum = "sha256:e479f3c469d3d9303a44f00a8ea37a3788395d171bb8059c48a4bbbd2e371b59"
url = "https://nodejs.org/dist/v25.9.0/node-v25.9.0-darwin-arm64.tar.gz"

[tools.node."platforms.macos-x64"]
checksum = "sha256:7d737b53ce191142bfa1c17cfa5b070d96e84eebf76b8dd06d84981cbdc3f7e3"
url = "https://nodejs.org/dist/v25.9.0/node-v25.9.0-darwin-x64.tar.gz"

[tools.node."platforms.windows-x64"]
checksum = "sha256:929552b8305effac843ba7b4270c437aefb702fc3fbd73fcd1bffd35d4ac284e"
url = "https://nodejs.org/dist/v25.9.0/node-v25.9.0-win-x64.zip"

[[tools.pnpm]]
version = "11.0.1"
backend = "aqua:pnpm/pnpm"
specifiers = ["11.0.1"]

[tools.pnpm."platforms.linux-arm64"]
checksum = "sha256:a04fd2e07580011061db897dcb9951e0d95ba95795aff16cbaee1ceb721ff131"
url = "https://github.com/pnpm/pnpm/releases/download/v11.0.1/pnpm-linux-arm64.tar.gz"
url_api = "https://api.github.com/repos/pnpm/pnpm/releases/assets/408504850"

[tools.pnpm."platforms.linux-arm64-musl"]
checksum = "sha256:0314aae1c52f44b1c7e03df667690a729dbb5e96ec1a2528a5c9c44312b52f1b"
url = "https://github.com/pnpm/pnpm/releases/download/v11.0.1/pnpm-linux-arm64-musl.tar.gz"
url_api = "https://api.github.com/repos/pnpm/pnpm/releases/assets/408504854"

[tools.pnpm."platforms.linux-x64"]
checksum = "sha256:8094c4cea89440c2a4208f5a6402de7b3802bb39c480c1d854519b0545c1554d"
url = "https://github.com/pnpm/pnpm/releases/download/v11.0.1/pnpm-linux-x64.tar.gz"
url_api = "https://api.github.com/repos/pnpm/pnpm/releases/assets/408504855"

[tools.pnpm."platforms.linux-x64-musl"]
checksum = "sha256:acca60f1d57c50d37d0ac418837a4697c5a2f0ebc243de1c009efdab24a16e90"
url = "https://github.com/pnpm/pnpm/releases/download/v11.0.1/pnpm-linux-x64-musl.tar.gz"
url_api = "https://api.github.com/repos/pnpm/pnpm/releases/assets/408504851"

[tools.pnpm."platforms.macos-arm64"]
checksum = "sha256:e857b8422c26137cb8d43fa8fd91e79e588cf74151125b3fd51c0860b8e2c34b"
url = "https://github.com/pnpm/pnpm/releases/download/v11.0.1/pnpm-darwin-arm64.tar.gz"
url_api = "https://api.github.com/repos/pnpm/pnpm/releases/assets/408504853"

[tools.pnpm."platforms.macos-x64"]
checksum = "sha256:2e9fdba84cbcdfab8ea217338ae8dca8b983bae621786150da8ade247fae10b4"
url = "https://github.com/pnpm/pnpm/releases/download/v11.0.1/pnpm-darwin-x64.tar.gz"
url_api = "https://api.github.com/repos/pnpm/pnpm/releases/assets/408504849"

[tools.pnpm."platforms.windows-x64"]
checksum = "sha256:08f1301a2fe9d089ca0e5c31c4377d52316b38a09434dec443e656883de254af"
url = "https://github.com/pnpm/pnpm/releases/download/v11.0.1/pnpm-win32-x64.zip"
url_api = "https://api.github.com/repos/pnpm/pnpm/releases/assets/408504847"
