# @generated - this file is auto-generated by `mise lock` https://mise.jdx.dev/dev-tools/mise-lock.html

lockfile_version = 2

[[tools."aqua:cargo-bins/cargo-binstall"]]
version = "1.18.1"
backend = "aqua:cargo-bins/cargo-binstall"
specifiers = ["1.18.1"]

[tools."aqua:cargo-bins/cargo-binstall"."platforms.linux-arm64"]
checksum = "sha256:f6ec6ac6e5782327863bcaa1b0acdd0ad81caee05c79b0074549829c41ffd52e"
url = "https://github.com/cargo-bins/cargo-binstall/releases/download/v1.18.1/cargo-binstall-aarch64-unknown-linux-gnu.tgz"
url_api = "https://api.github.com/repos/cargo-bins/cargo-binstall/releases/assets/395392671"

[tools."aqua:cargo-bins/cargo-binstall"."platforms.linux-arm64-musl"]
checksum = "sha256:c55962a0115f9716b709216de7f8bdd59d6ba8738779e60b051b4593f677717a"
url = "https://github.com/cargo-bins/cargo-binstall/releases/download/v1.18.1/cargo-binstall-aarch64-unknown-linux-musl.tgz"
url_api = "https://api.github.com/repos/cargo-bins/cargo-binstall/releases/assets/395392646"

[tools."aqua:cargo-bins/cargo-binstall"."platforms.linux-x64"]
checksum = "sha256:6cfb065d6a5ee29dea185e9878d1e055357744ec1339987ca34d6f86853d537a"
url = "https://github.com/cargo-bins/cargo-binstall/releases/download/v1.18.1/cargo-binstall-x86_64-unknown-linux-gnu.tgz"
url_api = "https://api.github.com/repos/cargo-bins/cargo-binstall/releases/assets/395392385"

[tools."aqua:cargo-bins/cargo-binstall"."platforms.linux-x64-musl"]
checksum = "sha256:cf2a4b54494ea8555d6349685e9a301efc1051d9fba6308c76914b2486f8700f"
url = "https://github.com/cargo-bins/cargo-binstall/releases/download/v1.18.1/cargo-binstall-x86_64-unknown-linux-musl.tgz"
url_api = "https://api.github.com/repos/cargo-bins/cargo-binstall/releases/assets/395392355"

[tools."aqua:cargo-bins/cargo-binstall"."platforms.macos-arm64"]
checksum = "sha256:955abf167994c90f3547e233edace4c0f794465dd4aa408249b38999aa5ca3cf"
url = "https://github.com/cargo-bins/cargo-binstall/releases/download/v1.18.1/cargo-binstall-aarch64-apple-darwin.zip"
url_api = "https://api.github.com/repos/cargo-bins/cargo-binstall/releases/assets/395392739"

[tools."aqua:cargo-bins/cargo-binstall"."platforms.macos-x64"]
checksum = "sha256:e06370bec7143668653bb7c09d0b8b689fc703dd4fa58ec5847c4b571d8a490d"
url = "https://github.com/cargo-bins/cargo-binstall/releases/download/v1.18.1/cargo-binstall-x86_64-apple-darwin.zip"
url_api = "https://api.github.com/repos/cargo-bins/cargo-binstall/releases/assets/395392447"

[tools."aqua:cargo-bins/cargo-binstall"."platforms.windows-x64"]
checksum = "sha256:89706aa5215c164d8d091597a470fee72308ac87e8553af395ea77db844a888c"
url = "https://github.com/cargo-bins/cargo-binstall/releases/download/v1.18.1/cargo-binstall-x86_64-pc-windows-msvc.zip"
url_api = "https://api.github.com/repos/cargo-bins/cargo-binstall/releases/assets/395392416"

[[tools."cargo:cargo-audit"]]
version = "0.22.1"
backend = "cargo:cargo-audit"
specifiers = ["0.22.1"]

[[tools."cargo:cargo-deny"]]
version = "0.19.0"
backend = "cargo:cargo-deny"
specifiers = ["0.19.0"]

[[tools."cargo:cargo-llvm-cov"]]
version = "0.6.21"
backend = "cargo:cargo-llvm-cov"
specifiers = ["0.6.21"]

[[tools."cargo:cargo-mutants"]]
version = "27.0.0"
backend = "cargo:cargo-mutants"
specifiers = ["27.0.0"]

[[tools."cargo:cargo-nextest"]]
version = "0.9.132"
backend = "cargo:cargo-nextest"
specifiers = ["0.9.132"]

[[tools.go]]
version = "1.26.8"
backend = "core:go"
specifiers = ["1.26.8"]

[tools.go."platforms.linux-arm64"]
checksum = "sha256:211ffced9dcb9633a55eac6364816ec0ddd951389a740e88fa8b3337971bdda0"
url = "https://dl.google.com/go/go1.26.8.linux-arm64.tar.gz"

[tools.go."platforms.linux-arm64-musl"]
checksum = "sha256:211ffced9dcb9633a55eac6364816ec0ddd951389a740e88fa8b3337971bdda0"
url = "https://dl.google.com/go/go1.26.8.linux-arm64.tar.gz"

[tools.go."platforms.linux-x64"]
checksum = "sha256:d0f743b33e8d8945e6b1f432edd15785c70507121d6e2a723b21285eddf8b57b"
url = "https://dl.google.com/go/go1.26.8.linux-amd64.tar.gz"

[tools.go."platforms.linux-x64-musl"]
checksum = "sha256:d0f743b33e8d8945e6b1f432edd15785c70507121d6e2a723b21285eddf8b57b"
url = "https://dl.google.com/go/go1.26.8.linux-amd64.tar.gz"

[tools.go."platforms.macos-arm64"]
checksum = "sha256:a012b25b571bd0138a03dcd25375ceba866fe5ca822f426d2c66a4de56fd3f4b"
url = "https://dl.google.com/go/go1.26.8.darwin-arm64.tar.gz"

[tools.go."platforms.macos-x64"]
checksum = "sha256:186be014105aa6542b767d2c6ed5cca10a0214bdff809ef1724022a8c7894150"
url = "https://dl.google.com/go/go1.26.8.darwin-amd64.tar.gz"

[tools.go."platforms.windows-x64"]
checksum = "sha256:b92c3b2adae85a11ba71fe7216daf0d84e82af4c8ab6c5625807f28622043a59"
url = "https://dl.google.com/go/go1.26.8.windows-amd64.zip"

[[tools.node]]
version = "25.9.0"
backend = "core:node"
specifiers = ["25.9.0"]

[tools.node."platforms.linux-arm64"]
checksum = "sha256:8fb4283301b8c720fc9f18bffff0f659e72cc14d0cf207a3bb411808aaa73a57"
url = "https://nodejs.org/dist/v25.9.0/node-v25.9.0-linux-arm64.tar.gz"

[tools.node."platforms.linux-arm64-musl"]
checksum = "sha256:97f6fe125faa51f84a7bb600d0cd7aefcfaaa0e75a5f49a7c61c3df91d12d535"
url = "https://unofficial-builds.nodejs.org/download/release/v25.9.0/node-v25.9.0-linux-arm64-musl.tar.gz"

[tools.node."platforms.linux-x64"]
checksum = "sha256:134e55b2408448a219760fe04dc44d6851f9de8a79549021ffd870e9082d9e7b"
url = "https://nodejs.org/dist/v25.9.0/node-v25.9.0-linux-x64.tar.gz"

[tools.node."platforms.linux-x64-musl"]
checksum = "sha256:1ac44af012be6bc17f1e3723edbf12897c0baeae5d1dc75b9f97d71413e4c8f5"
url = "https://unofficial-builds.nodejs.org/download/release/v25.9.0/node-v25.9.0-linux-x64-musl.tar.gz"

[tools.node."platforms.macos-arm64"]
checksum = "sha256:e479f3c469d3d9303a44f00a8ea37a3788395d171bb8059c48a4bbbd2e371b59"
url = "https://nodejs.org/dist/v25.9.0/node-v25.9.0-darwin-arm64.tar.gz"

[tools.node."platforms.macos-x64"]
checksum = "sha256:7d737b53ce191142bfa1c17cfa5b070d96e84eebf76b8dd06d84981cbdc3f7e3"
url = "https://nodejs.org/dist/v25.9.0/node-v25.9.0-darwin-x64.tar.gz"

[tools.node."platforms.windows-x64"]
checksum = "sha256:929552b8305effac843ba7b4270c437aefb702fc3fbd73fcd1bffd35d4ac284e"
url = "https://nodejs.org/dist/v25.9.0/node-v25.9.0-win-x64.zip"

[[tools.rust]]
version = "1.97.1"
backend = "core:rust"
specifiers = ["1.97.1"]

[tools.rust.options]
components = "clippy,llvm-tools-preview,rustfmt"
profile = "default"

[[tools.uv]]
version = "0.11.5"
backend = "aqua:astral-sh/uv"
specifiers = ["0.11.5"]

[tools.uv."platforms.linux-arm64"]
checksum = "sha256:3e9b525d686ae4f3682412bce21536366a5c79616a41055530319c501c883169"
url = "https://github.com/astral-sh/uv/releases/download/0.11.5/uv-aarch64-unknown-linux-gnu.tar.gz"
url_api = "https://api.github.com/repos/astral-sh/uv/releases/assets/391840973"
provenance = "github-attestations"

[tools.uv."platforms.linux-arm64-musl"]
checksum = "sha256:d73860013061c62d6a89f3370527d4c407214038af331147773ae2fd8f6394c1"
url = "https://github.com/astral-sh/uv/releases/download/0.11.5/uv-aarch64-unknown-linux-musl.tar.gz"
url_api = "https://api.github.com/repos/astral-sh/uv/releases/assets/391840978"
provenance = "github-attestations"

[tools.uv."platforms.linux-x64"]
checksum = "sha256:0d87793f733f327849ebf9cf51b576cfb08328e22af73061405e4bec96ae84d1"
url = "https://github.com/astral-sh/uv/releases/download/0.11.5/uv-x86_64-unknown-linux-gnu.tar.gz"
url_api = "https://api.github.com/repos/astral-sh/uv/releases/assets/391841036"
provenance = "github-attestations"

[tools.uv."platforms.linux-x64-musl"]
checksum = "sha256:ee8a52743ce3979e52872b49c5e58ffa541048cb95132142bff23fe5608d73ea"
url = "https://github.com/astral-sh/uv/releases/download/0.11.5/uv-x86_64-unknown-linux-musl.tar.gz"
url_api = "https://api.github.com/repos/astral-sh/uv/releases/assets/391841044"
provenance = "github-attestations"

[tools.uv."platforms.macos-arm64"]
checksum = "sha256:470993e87503874c7c48861daa308b48a7c367e117235bbecf19368b9fdd35b2"
url = "https://github.com/astral-sh/uv/releases/download/0.11.5/uv-aarch64-apple-darwin.tar.gz"
url_api = "https://api.github.com/repos/astral-sh/uv/releases/assets/391840962"
provenance = "github-attestations"

[tools.uv."platforms.macos-x64"]
checksum = "sha256:b8964bed538143f9016d807e421e28f0237a29589851fc79e8159751ac64779a"
url = "https://github.com/astral-sh/uv/releases/download/0.11.5/uv-x86_64-apple-darwin.tar.gz"
url_api = "https://api.github.com/repos/astral-sh/uv/releases/assets/391841026"
provenance = "github-attestations"

[tools.uv."platforms.windows-x64"]
checksum = "sha256:3fa5b6ea9de9256a035e0471f5ef0bb5d95344659723d6eb063e27c76431515d"
url = "https://github.com/astral-sh/uv/releases/download/0.11.5/uv-x86_64-pc-windows-msvc.zip"
url_api = "https://api.github.com/repos/astral-sh/uv/releases/assets/391841029"
provenance = "github-attestations"
